
Microsoft Visual Studio Solution File, Format Version 12.00
# Visual Studio 2012
Project("{FAE04EC0-301F-11D3-BF4B-00C04F79EFBC}") = "HappyCoupleMobile.iOS", "HappyCoupleMobile.iOS.csproj", "{E26A156D-E3FC-4E28-B765-EAB12C7EAE51}"
EndProject
Global
	GlobalSection(SolutionConfigurationPlatforms) = preSolution
		Debug|iPhoneSimulator = Debug|iPhoneSimulator
		Release|iPhoneSimulator = Release|iPhoneSimulator
		Debug|iPhone = Debug|iPhone
		Release|iPhone = Release|iPhone
		Ad-Hoc|iPhone = Ad-Hoc|iPhone
		AppStore|iPhone = AppStore|iPhone
		Gorills|iPhoneSimulator = Gorills|iPhoneSimulator
		Gorills|iPhone = Gorills|iPhone
		Gorilla|iPhoneSimulator = Gorilla|iPhoneSimulator
		Gorilla|iPhone = Gorilla|iPhone
	EndGlobalSection
	GlobalSection(ProjectConfigurationPlatforms) = postSolution
		{E26A156D-E3FC-4E28-B765-EAB12C7EAE51}.Debug|iPhoneSimulator.ActiveCfg = Debug|iPhoneSimulator
		{E26A156D-E3FC-4E28-B765-EAB12C7EAE51}.Debug|iPhoneSimulator.Build.0 = Debug|iPhoneSimulator
		{E26A156D-E3FC-4E28-B765-EAB12C7EAE51}.Release|iPhoneSimulator.ActiveCfg = Release|iPhoneSimulator
		{E26A156D-E3FC-4E28-B765-EAB12C7EAE51}.Release|iPhoneSimulator.Build.0 = Release|iPhoneSimulator
		{E26A156D-E3FC-4E28-B765-EAB12C7EAE51}.Debug|iPhone.ActiveCfg = Debug|iPhone
		{E26A156D-E3FC-4E28-B765-EAB12C7EAE51}.Debug|iPhone.Build.0 = Debug|iPhone
		{E26A156D-E3FC-4E28-B765-EAB12C7EAE51}.Release|iPhone.ActiveCfg = Release|iPhone
		{E26A156D-E3FC-4E28-B765-EAB12C7EAE51}.Release|iPhone.Build.0 = Release|iPhone
		{E26A156D-E3FC-4E28-B765-EAB12C7EAE51}.Ad-Hoc|iPhone.ActiveCfg = Ad-Hoc|iPhone
		{E26A156D-E3FC-4E28-B765-EAB12C7EAE51}.Ad-Hoc|iPhone.Build.0 = Ad-Hoc|iPhone
		{E26A156D-E3FC-4E28-B765-EAB12C7EAE51}.AppStore|iPhone.ActiveCfg = AppStore|iPhone
		{E26A156D-E3FC-4E28-B765-EAB12C7EAE51}.AppStore|iPhone.Build.0 = AppStore|iPhone
		{E26A156D-E3FC-4E28-B765-EAB12C7EAE51}.Gorills|iPhoneSimulator.ActiveCfg = Gorills|iPhoneSimulator
		{E26A156D-E3FC-4E28-B765-EAB12C7EAE51}.Gorills|iPhoneSimulator.Build.0 = Gorills|iPhoneSimulator
		{E26A156D-E3FC-4E28-B765-EAB12C7EAE51}.Gorills|iPhone.ActiveCfg = Gorills|iPhone
		{E26A156D-E3FC-4E28-B765-EAB12C7EAE51}.Gorills|iPhone.Build.0 = Gorills|iPhone
		{E26A156D-E3FC-4E28-B765-EAB12C7EAE51}.Gorilla|iPhoneSimulator.ActiveCfg = Gorilla|iPhoneSimulator
		{E26A156D-E3FC-4E28-B765-EAB12C7EAE51}.Gorilla|iPhoneSimulator.Build.0 = Gorilla|iPhoneSimulator
		{E26A156D-E3FC-4E28-B765-EAB12C7EAE51}.Gorilla|iPhone.ActiveCfg = Gorilla|iPhone
		{E26A156D-E3FC-4E28-B765-EAB12C7EAE51}.Gorilla|iPhone.Build.0 = Gorilla|iPhone
	EndGlobalSection
EndGlobal
